
Microsoft Visual Studio Solution File, Format Version 12.00
# Visual Studio Version 17
VisualStudioVersion = 17.11.35222.181
MinimumVisualStudioVersion = 10.0.40219.1
Project("{9A19103F-16F7-4668-BE54-9A1E7A4F7556}") = "Arthur_Jayson_UA2", "LibraryManagementApp\Arthur_Jayson_UA2.csproj", "{1038A139-FC75-4596-A737-18C2A932F448}"
EndProject
Global
	GlobalSection(SolutionConfigurationPlatforms) = preSolution
		Debug|Any CPU = Debug|Any CPU
		Release|Any CPU = Release|Any CPU
	EndGlobalSection
	GlobalSection(ProjectConfigurationPlatforms) = postSolution
		{1038A139-FC75-4596-A737-18C2A932F448}.Debug|Any CPU.ActiveCfg = Debug|Any CPU
		{1038A139-FC75-4596-A737-18C2A932F448}.Debug|Any CPU.Build.0 = Debug|Any CPU
		{1038A139-FC75-4596-A737-18C2A932F448}.Release|Any CPU.ActiveCfg = Release|Any CPU
		{1038A139-FC75-4596-A737-18C2A932F448}.Release|Any CPU.Build.0 = Release|Any CPU
	EndGlobalSection
	GlobalSection(SolutionProperties) = preSolution
		HideSolutionNode = FALSE
	EndGlobalSection
	GlobalSection(ExtensibilityGlobals) = postSolution
		SolutionGuid = {1E224180-0069-456A-A077-1D52DEB68E6B}
	EndGlobalSection
EndGlobal
